
Microsoft Visual Studio Solution File, Format Version 12.00
# Visual Studio Version 17
VisualStudioVersion = 17.0.32126.317
MinimumVisualStudioVersion = 10.0.40219.1
Project("{9A19103F-16F7-4668-BE54-9A1E7A4F7556}") = "BusinessObjects", "BusinessObjects\BusinessObjects.csproj", "{C1938013-5715-48C1-8CDD-2A2901E09C90}"
EndProject
Project("{9A19103F-16F7-4668-BE54-9A1E7A4F7556}") = "Repositories", "Repositories\Repositories.csproj", "{C4BD7673-8B29-4271-BA64-DFD3878E41A1}"
EndProject
Project("{9A19103F-16F7-4668-BE54-9A1E7A4F7556}") = "DataAccess", "DataAccess\DataAccess.csproj", "{46FDF4EC-947B-4215-9F4C-AC7CE8C1735A}"
EndProject
Project("{9A19103F-16F7-4668-BE54-9A1E7A4F7556}") = "ProjectManagementAPI", "ProjectManagementAPI\ProjectManagementAPI.csproj", "{ED2121C0-0675-41B2-8D18-518E8A08B218}"
EndProject
Project("{FAE04EC0-301F-11D3-BF4B-00C04F79EFBC}") = "IdentityAjaxClient", "IdentityAjaxClient\IdentityAjaxClient.csproj", "{0F80277C-7B9A-4CB2-A4EC-6F2113E99FC5}"
EndProject
Global
	GlobalSection(SolutionConfigurationPlatforms) = preSolution
		Debug|Any CPU = Debug|Any CPU
		Release|Any CPU = Release|Any CPU
	EndGlobalSection
	GlobalSection(ProjectConfigurationPlatforms) = postSolution
		{C1938013-5715-48C1-8CDD-2A2901E09C90}.Debug|Any CPU.ActiveCfg = Debug|Any CPU
		{C1938013-5715-48C1-8CDD-2A2901E09C90}.Debug|Any CPU.Build.0 = Debug|Any CPU
		{C1938013-5715-48C1-8CDD-2A2901E09C90}.Release|Any CPU.ActiveCfg = Release|Any CPU
		{C1938013-5715-48C1-8CDD-2A2901E09C90}.Release|Any CPU.Build.0 = Release|Any CPU
		{C4BD7673-8B29-4271-BA64-DFD3878E41A1}.Debug|Any CPU.ActiveCfg = Debug|Any CPU
		{C4BD7673-8B29-4271-BA64-DFD3878E41A1}.Debug|Any CPU.Build.0 = Debug|Any CPU
		{C4BD7673-8B29-4271-BA64-DFD3878E41A1}.Release|Any CPU.ActiveCfg = Release|Any CPU
		{C4BD7673-8B29-4271-BA64-DFD3878E41A1}.Release|Any CPU.Build.0 = Release|Any CPU
		{46FDF4EC-947B-4215-9F4C-AC7CE8C1735A}.Debug|Any CPU.ActiveCfg = Debug|Any CPU
		{46FDF4EC-947B-4215-9F4C-AC7CE8C1735A}.Debug|Any CPU.Build.0 = Debug|Any CPU
		{46FDF4EC-947B-4215-9F4C-AC7CE8C1735A}.Release|Any CPU.ActiveCfg = Release|Any CPU
		{46FDF4EC-947B-4215-9F4C-AC7CE8C1735A}.Release|Any CPU.Build.0 = Release|Any CPU
		{ED2121C0-0675-41B2-8D18-518E8A08B218}.Debug|Any CPU.ActiveCfg = Debug|Any CPU
		{ED2121C0-0675-41B2-8D18-518E8A08B218}.Debug|Any CPU.Build.0 = Debug|Any CPU
		{ED2121C0-0675-41B2-8D18-518E8A08B218}.Release|Any CPU.ActiveCfg = Release|Any CPU
		{ED2121C0-0675-41B2-8D18-518E8A08B218}.Release|Any CPU.Build.0 = Release|Any CPU
		{0F80277C-7B9A-4CB2-A4EC-6F2113E99FC5}.Debug|Any CPU.ActiveCfg = Debug|Any CPU
		{0F80277C-7B9A-4CB2-A4EC-6F2113E99FC5}.Debug|Any CPU.Build.0 = Debug|Any CPU
		{0F80277C-7B9A-4CB2-A4EC-6F2113E99FC5}.Release|Any CPU.ActiveCfg = Release|Any CPU
		{0F80277C-7B9A-4CB2-A4EC-6F2113E99FC5}.Release|Any CPU.Build.0 = Release|Any CPU
	EndGlobalSection
	GlobalSection(SolutionProperties) = preSolution
		HideSolutionNode = FALSE
	EndGlobalSection
	GlobalSection(ExtensibilityGlobals) = postSolution
		SolutionGuid = {4E740C93-20F9-4293-B0EF-008DC6040ED1}
	EndGlobalSection
EndGlobal
